// !$*UTF8*$!
{
	archiveVersion = 1;
	classes = {
	};
	objectVersion = 46;
	objects = {

/* Begin PBXBuildFile section */
		1D971B691AD426C6005B9532 /* main.m in Sources */ = {isa = PBXBuildFile; fileRef = 1D971B681AD426C6005B9532 /* main.m */; };
		1D971B6C1AD426C6005B9532 /* AppDelegate.m in Sources */ = {isa = PBXBuildFile; fileRef = 1D971B6B1AD426C6005B9532 /* AppDelegate.m */; };
		1D971B6F1AD426C6005B9532 /* ViewController.m in Sources */ = {isa = PBXBuildFile; fileRef = 1D971B6E1AD426C6005B9532 /* ViewController.m */; };
		1D971B721AD426C6005B9532 /* Main.storyboard in Resources */ = {isa = PBXBuildFile; fileRef = 1D971B701AD426C6005B9532 /* Main.storyboard */; };
		1D971B741AD426C6005B9532 /* Images.xcassets in Resources */ = {isa = PBXBuildFile; fileRef = 1D971B731AD426C6005B9532 /* Images.xcassets */; };
		1D971B771AD426C6005B9532 /* LaunchScreen.xib in Resources */ = {isa = PBXBuildFile; fileRef = 1D971B751AD426C6005B9532 /* LaunchScreen.xib */; };
		1D971B831AD426C6005B9532 /* RotationTests.m in Sources */ = {isa = PBXBuildFile; fileRef = 1D971B821AD426C6005B9532 /* RotationTests.m */; };
		1D971B8E1AD42DF9005B9532 /* CustomView.m in Sources */ = {isa = PBXBuildFile; fileRef = 1D971B8D1AD42DF9005B9532 /* CustomView.m */; };
/* End PBXBuildFile section */

/* Begin PBXContainerItemProxy section */
		1D971B7D1AD426C6005B9532 /* PBXContainerItemProxy */ = {
			isa = PBXContainerItemProxy;
			containerPortal = 1D971B5B1AD426C6005B9532 /* Project object */;
			proxyType = 1;
			remoteGlobalIDString = 1D971B621AD426C6005B9532;
			remoteInfo = Rotation;
		};
/* End PBXContainerItemProxy section */

/* Begin PBXFileReference section */
		1D971B631AD426C6005B9532 /* Rotation.app */ = {isa = PBXFileReference; explicitFileType = wrapper.application; includeInIndex = 0; path = Rotation.app; sourceTree = BUILT_PRODUCTS_DIR; };
		1D971B671AD426C6005B9532 /* Info.plist */ = {isa = PBXFileReference; lastKnownFileType = text.plist.xml; path = Info.plist; sourceTree = "<group>"; };
		1D971B681AD426C6005B9532 /* main.m */ = {isa = PBXFileReference; lastKnownFileType = sourcecode.c.objc; path = main.m; sourceTree = "<group>"; };
		1D971B6A1AD426C6005B9532 /* AppDelegate.h */ = {isa = PBXFileReference; lastKnownFileType = sourcecode.c.h; path = AppDelegate.h; sourceTree = "<group>"; };
		1D971B6B1AD426C6005B9532 /* AppDelegate.m */ = {isa = PBXFileReference; lastKnownFileType = sourcecode.c.objc; path = AppDelegate.m; sourceTree = "<group>"; };
		1D971B6D1AD426C6005B9532 /* ViewController.h */ = {isa = PBXFileReference; lastKnownFileType = sourcecode.c.h; path = ViewController.h; sourceTree = "<group>"; };
		1D971B6E1AD426C6005B9532 /* ViewController.m */ = {isa = PBXFileReference; lastKnownFileType = sourcecode.c.objc; path = ViewController.m; sourceTree = "<group>"; };
		1D971B711AD426C6005B9532 /* Base */ = {isa = PBXFileReference; lastKnownFileType = file.storyboard; name = Base; path = Base.lproj/Main.storyboard; sourceTree = "<group>"; };
		1D971B731AD426C6005B9532 /* Images.xcassets */ = {isa = PBXFileReference; lastKnownFileType = folder.assetcatalog; path = Images.xcassets; sourceTree = "<group>"; };
		1D971B761AD426C6005B9532 /* Base */ = {isa = PBXFileReference; lastKnownFileType = file.xib; name = Base; path = Base.lproj/LaunchScreen.xib; sourceTree = "<group>"; };
		1D971B7C1AD426C6005B9532 /* RotationTests.xctest */ = {isa = PBXFileReference; explicitFileType = wrapper.cfbundle; includeInIndex = 0; path = RotationTests.xctest; sourceTree = BUILT_PRODUCTS_DIR; };
		1D971B811AD426C6005B9532 /* Info.plist */ = {isa = PBXFileReference; lastKnownFileType = text.plist.xml; path = Info.plist; sourceTree = "<group>"; };
		1D971B821AD426C6005B9532 /* RotationTests.m */ = {isa = PBXFileReference; lastKnownFileType = sourcecode.c.objc; path = RotationTests.m; sourceTree = "<group>"; };
		1D971B8C1AD42DF9005B9532 /* CustomView.h */ = {isa = PBXFileReference; fileEncoding = 4; lastKnownFileType = sourcecode.c.h; path = CustomView.h; sourceTree = "<group>"; };
		1D971B8D1AD42DF9005B9532 /* CustomView.m */ = {isa = PBXFileReference; fileEncoding = 4; lastKnownFileType = sourcecode.c.objc; path = CustomView.m; sourceTree = "<group>"; };
/* End PBXFileReference section */

/* Begin PBXFrameworksBuildPhase section */
		1D971B601AD426C6005B9532 /* Frameworks */ = {
			isa = PBXFrameworksBuildPhase;
			buildActionMask = 2147483647;
			files = (
			);
			runOnlyForDeploymentPostprocessing = 0;
		};
		1D971B791AD426C6005B9532 /* Frameworks */ = {
			isa = PBXFrameworksBuildPhase;
			buildActionMask = 2147483647;
			files = (
			);
			runOnlyForDeploymentPostprocessing = 0;
		};
/* End PBXFrameworksBuildPhase section */

/* Begin PBXGroup section */
		1D971B5A1AD426C6005B9532 = {
			isa = PBXGroup;
			children = (
				1D971B651AD426C6005B9532 /* Rotation */,
				1D971B7F1AD426C6005B9532 /* RotationTests */,
				1D971B641AD426C6005B9532 /* Products */,
			);
			sourceTree = "<group>";
		};
		1D971B641AD426C6005B9532 /* Products */ = {
			isa = PBXGroup;
			children = (
				1D971B631AD426C6005B9532 /* Rotation.app */,
				1D971B7C1AD426C6005B9532 /* RotationTests.xctest */,
			);
			name = Products;
			sourceTree = "<group>";
		};
		1D971B651AD426C6005B9532 /* Rotation */ = {
			isa = PBXGroup;
			children = (
				1D971B6A1AD426C6005B9532 /* AppDelegate.h */,
				1D971B6B1AD426C6005B9532 /* AppDelegate.m */,
				1D971B6D1AD426C6005B9532 /* ViewController.h */,
				1D971B6E1AD426C6005B9532 /* ViewController.m */,
				1D971B701AD426C6005B9532 /* Main.storyboard */,
				1D971B731AD426C6005B9532 /* Images.xcassets */,
				1D971B751AD426C6005B9532 /* LaunchScreen.xib */,
				1D971B661AD426C6005B9532 /* Supporting Files */,
				1D971B8C1AD42DF9005B9532 /* CustomView.h */,
				1D971B8D1AD42DF9005B9532 /* CustomView.m */,
			);
			path = Rotation;
			sourceTree = "<group>";
		};
		1D971B661AD426C6005B9532 /* Supporting Files */ = {
			isa = PBXGroup;
			children = (
				1D971B671AD426C6005B9532 /* Info.plist */,
				1D971B681AD426C6005B9532 /* main.m */,
			);
			name = "Supporting Files";
			sourceTree = "<group>";
		};
		1D971B7F1AD426C6005B9532 /* RotationTests */ = {
			isa = PBXGroup;
			children = (
				1D971B821AD426C6005B9532 /* RotationTests.m */,
				1D971B801AD426C6005B9532 /* Supporting Files */,
			);
			path = RotationTests;
			sourceTree = "<group>";
		};
		1D971B801AD426C6005B9532 /* Supporting Files */ = {
			isa = PBXGroup;
			children = (
				1D971B811AD426C6005B9532 /* Info.plist */,
			);
			name = "Supporting Files";
			sourceTree = "<group>";
		};
/* End PBXGroup section */

/* Begin PBXNativeTarget section */
		1D971B621AD426C6005B9532 /* Rotation */ = {
			isa = PBXNativeTarget;
			buildConfigurationList = 1D971B861AD426C6005B9532 /* Build configuration list for PBXNativeTarget "Rotation" */;
			buildPhases = (
				1D971B5F1AD426C6005B9532 /* Sources */,
				1D971B601AD426C6005B9532 /* Frameworks */,
				1D971B611AD426C6005B9532 /* Resources */,
			);
			buildRules = (
			);
			dependencies = (
			);
			name = Rotation;
			productName = Rotation;
			productReference = 1D971B631AD426C6005B9532 /* Rotation.app */;
			productType = "com.apple.product-type.application";
		};
		1D971B7B1AD426C6005B9532 /* RotationTests */ = {
			isa = PBXNativeTarget;
			buildConfigurationList = 1D971B891AD426C6005B9532 /* Build configuration list for PBXNativeTarget "RotationTests" */;
			buildPhases = (
				1D971B781AD426C6005B9532 /* Sources */,
				1D971B791AD426C6005B9532 /* Frameworks */,
				1D971B7A1AD426C6005B9532 /* Resources */,
			);
			buildRules = (
			);
			dependencies = (
				1D971B7E1AD426C6005B9532 /* PBXTargetDependency */,
			);
			name = RotationTests;
			productName = RotationTests;
			productReference = 1D971B7C1AD426C6005B9532 /* RotationTests.xctest */;
			productType = "com.apple.product-type.bundle.unit-test";
		};
/* End PBXNativeTarget section */

/* Begin PBXProject section */
		1D971B5B1AD426C6005B9532 /* Project object */ = {
			isa = PBXProject;
			attributes = {
				LastUpgradeCheck = 0620;
				ORGANIZATIONNAME = "Josh King";
				TargetAttributes = {
					1D971B621AD426C6005B9532 = {
						CreatedOnToolsVersion = 6.2;
					};
					1D971B7B1AD426C6005B9532 = {
						CreatedOnToolsVersion = 6.2;
						TestTargetID = 1D971B621AD426C6005B9532;
					};
				};
			};
			buildConfigurationList = 1D971B5E1AD426C6005B9532 /* Build configuration list for PBXProject "Rotation" */;
			compatibilityVersion = "Xcode 3.2";
			developmentRegion = English;
			hasScannedForEncodings = 0;
			knownRegions = (
				en,
				Base,
			);
			mainGroup = 1D971B5A1AD426C6005B9532;
			productRefGroup = 1D971B641AD426C6005B9532 /* Products */;
			projectDirPath = "";
			projectRoot = "";
			targets = (
				1D971B621AD426C6005B9532 /* Rotation */,
				1D971B7B1AD426C6005B9532 /* RotationTests */,
			);
		};
/* End PBXProject section */

/* Begin PBXResourcesBuildPhase section */
		1D971B611AD426C6005B9532 /* Resources */ = {
			isa = PBXResourcesBuildPhase;
			buildActionMask = 2147483647;
			files = (
				1D971B721AD426C6005B9532 /* Main.storyboard in Resources */,
				1D971B771AD426C6005B9532 /* LaunchScreen.xib in Resources */,
				1D971B741AD426C6005B9532 /* Images.xcassets in Resources */,
			);
			runOnlyForDeploymentPostprocessing = 0;
		};
		1D971B7A1AD426C6005B9532 /* Resources */ = {
			isa = PBXResourcesBuildPhase;
			buildActionMask = 2147483647;
			files = (
			);
			runOnlyForDeploymentPostprocessing = 0;
		};
/* End PBXResourcesBuildPhase section */

/* Begin PBXSourcesBuildPhase section */
		1D971B5F1AD426C6005B9532 /* Sources */ = {
			isa = PBXSourcesBuildPhase;
			buildActionMask = 2147483647;
			files = (
				1D971B6F1AD426C6005B9532 /* ViewController.m in Sources */,
				1D971B8E1AD42DF9005B9532 /* CustomView.m in Sources */,
				1D971B6C1AD426C6005B9532 /* AppDelegate.m in Sources */,
				1D971B691AD426C6005B9532 /* main.m in Sources */,
			);
			runOnlyForDeploymentPostprocessing = 0;
		};
		1D971B781AD426C6005B9532 /* Sources */ = {
			isa = PBXSourcesBuildPhase;
			buildActionMask = 2147483647;
			files = (
				1D971B831AD426C6005B9532 /* RotationTests.m in Sources */,
			);
			runOnlyForDeploymentPostprocessing = 0;
		};
/* End PBXSourcesBuildPhase section */

/* Begin PBXTargetDependency section */
		1D971B7E1AD426C6005B9532 /* PBXTargetDependency */ = {
			isa = PBXTargetDependency;
			target = 1D971B621AD426C6005B9532 /* Rotation */;
			targetProxy = 1D971B7D1AD426C6005B9532 /* PBXContainerItemProxy */;
		};
/* End PBXTargetDependency section */

/* Begin PBXVariantGroup section */
		1D971B701AD426C6005B9532 /* Main.storyboard */ = {
			isa = PBXVariantGroup;
			children = (
				1D971B711AD426C6005B9532 /* Base */,
			);
			name = Main.storyboard;
			sourceTree = "<group>";
		};
		1D971B751AD426C6005B9532 /* LaunchScreen.xib */ = {
			isa = PBXVariantGroup;
			children = (
				1D971B761AD426C6005B9532 /* Base */,
			);
			name = LaunchScreen.xib;
			sourceTree = "<group>";
		};
/* End PBXVariantGroup section */

/* Begin XCBuildConfiguration section */
		1D971B841AD426C6005B9532 /* Debug */ = {
			isa = XCBuildConfiguration;
			buildSettings = {
				ALWAYS_SEARCH_USER_PATHS = NO;
				CLANG_CXX_LANGUAGE_STANDARD = "gnu++0x";
				CLANG_CXX_LIBRARY = "libc++";
				CLANG_ENABLE_MODULES = YES;
				CLANG_ENABLE_OBJC_ARC = YES;
				CLANG_WARN_BOOL_CONVERSION = YES;
				CLANG_WARN_CONSTANT_CONVERSION = YES;
				CLANG_WARN_DIRECT_OBJC_ISA_USAGE = YES_ERROR;
				CLANG_WARN_EMPTY_BODY = YES;
				CLANG_WARN_ENUM_CONVERSION = YES;
				CLANG_WARN_INT_CONVERSION = YES;
				CLANG_WARN_OBJC_ROOT_CLASS = YES_ERROR;
				CLANG_WARN_UNREACHABLE_CODE = YES;
				CLANG_WARN__DUPLICATE_METHOD_MATCH = YES;
				"CODE_SIGN_IDENTITY[sdk=iphoneos*]" = "iPhone Developer";
				COPY_PHASE_STRIP = NO;
				ENABLE_STRICT_OBJC_MSGSEND = YES;
				GCC_C_LANGUAGE_STANDARD = gnu99;
				GCC_DYNAMIC_NO_PIC = NO;
				GCC_OPTIMIZATION_LEVEL = 0;
				GCC_PREPROCESSOR_DEFINITIONS = (
					"DEBUG=1",
					"$(inherited)",
				);
				GCC_SYMBOLS_PRIVATE_EXTERN = NO;
				GCC_WARN_64_TO_32_BIT_CONVERSION = YES;
				GCC_WARN_ABOUT_RETURN_TYPE = YES_ERROR;
				GCC_WARN_UNDECLARED_SELECTOR = YES;
				GCC_WARN_UNINITIALIZED_AUTOS = YES_AGGRESSIVE;
				GCC_WARN_UNUSED_FUNCTION = YES;
				GCC_WARN_UNUSED_VARIABLE = YES;
				IPHONEOS_DEPLOYMENT_TARGET = 8.2;
				MTL_ENABLE_DEBUG_INFO = YES;
				ONLY_ACTIVE_ARCH = YES;
				SDKROOT = iphoneos;
				TARGETED_DEVICE_FAMILY = 2;
			};
			name = Debug;
		};
		1D971B851AD426C6005B9532 /* Release */ = {
			isa = XCBuildConfiguration;
			buildSettings = {
				ALWAYS_SEARCH_USER_PATHS = NO;
				CLANG_CXX_LANGUAGE_STANDARD = "gnu++0x";
				CLANG_CXX_LIBRARY = "libc++";
				CLANG_ENABLE_MODULES = YES;
				CLANG_ENABLE_OBJC_ARC = YES;
				CLANG_WARN_BOOL_CONVERSION = YES;
				CLANG_WARN_CONSTANT_CONVERSION = YES;
				CLANG_WARN_DIRECT_OBJC_ISA_USAGE = YES_ERROR;
				CLANG_WARN_EMPTY_BODY = YES;
				CLANG_WARN_ENUM_CONVERSION = YES;
				CLANG_WARN_INT_CONVERSION = YES;
				CLANG_WARN_OBJC_ROOT_CLASS = YES_ERROR;
				CLANG_WARN_UNREACHABLE_CODE = YES;
				CLANG_WARN__DUPLICATE_METHOD_MATCH = YES;
				"CODE_SIGN_IDENTITY[sdk=iphoneos*]" = "iPhone Developer";
				COPY_PHASE_STRIP = NO;
				ENABLE_NS_ASSERTIONS = NO;
				ENABLE_STRICT_OBJC_MSGSEND = YES;
				GCC_C_LANGUAGE_STANDARD = gnu99;
				GCC_WARN_64_TO_32_BIT_CONVERSION = YES;
				GCC_WARN_ABOUT_RETURN_TYPE = YES_ERROR;
				GCC_WARN_UNDECLARED_SELECTOR = YES;
				GCC_WARN_UNINITIALIZED_AUTOS = YES_AGGRESSIVE;
				GCC_WARN_UNUSED_FUNCTION = YES;
				GCC_WARN_UNUSED_VARIABLE = YES;
				IPHONEOS_DEPLOYMENT_TARGET = 8.2;
				MTL_ENABLE_DEBUG_INFO = NO;
				SDKROOT = iphoneos;
				TARGETED_DEVICE_FAMILY = 2;
				VALIDATE_PRODUCT = YES;
			};
			name = Release;
		};
		1D971B871AD426C6005B9532 /* Debug */ = {
			isa = XCBuildConfiguration;
			buildSettings = {
				ASSETCATALOG_COMPILER_APPICON_NAME = AppIcon;
				INFOPLIST_FILE = Rotation/Info.plist;
				LD_RUNPATH_SEARCH_PATHS = "$(inherited) @executable_path/Frameworks";
				PRODUCT_NAME = "$(TARGET_NAME)";
			};
			name = Debug;
		};
		1D971B881AD426C6005B9532 /* Release */ = {
			isa = XCBuildConfiguration;
			buildSettings = {
				ASSETCATALOG_COMPILER_APPICON_NAME = AppIcon;
				INFOPLIST_FILE = Rotation/Info.plist;
				LD_RUNPATH_SEARCH_PATHS = "$(inherited) @executable_path/Frameworks";
				PRODUCT_NAME = "$(TARGET_NAME)";
			};
			name = Release;
		};
		1D971B8A1AD426C6005B9532 /* Debug */ = {
			isa = XCBuildConfiguration;
			buildSettings = {
				BUNDLE_LOADER = "$(TEST_HOST)";
				FRAMEWORK_SEARCH_PATHS = (
					"$(SDKROOT)/Developer/Library/Frameworks",
					"$(inherited)",
				);
				GCC_PREPROCESSOR_DEFINITIONS = (
					"DEBUG=1",
					"$(inherited)",
				);
				INFOPLIST_FILE = RotationTests/Info.plist;
				LD_RUNPATH_SEARCH_PATHS = "$(inherited) @executable_path/Frameworks @loader_path/Frameworks";
				PRODUCT_NAME = "$(TARGET_NAME)";
				TEST_HOST = "$(BUILT_PRODUCTS_DIR)/Rotation.app/Rotation";
			};
			name = Debug;
		};
		1D971B8B1AD426C6005B9532 /* Release */ = {
			isa = XCBuildConfiguration;
			buildSettings = {
				BUNDLE_LOADER = "$(TEST_HOST)";
				FRAMEWORK_SEARCH_PATHS = (
					"$(SDKROOT)/Developer/Library/Frameworks",
					"$(inherited)",
				);
				INFOPLIST_FILE = RotationTests/Info.plist;
				LD_RUNPATH_SEARCH_PATHS = "$(inherited) @executable_path/Frameworks @loader_path/Frameworks";
				PRODUCT_NAME = "$(TARGET_NAME)";
				TEST_HOST = "$(BUILT_PRODUCTS_DIR)/Rotation.app/Rotation";
			};
			name = Release;
		};
/* End XCBuildConfiguration section */

/* Begin XCConfigurationList section */
		1D971B5E1AD426C6005B9532 /* Build configuration list for PBXProject "Rotation" */ = {
			isa = XCConfigurationList;
			buildConfigurations = (
				1D971B841AD426C6005B9532 /* Debug */,
				1D971B851AD426C6005B9532 /* Release */,
			);
			defaultConfigurationIsVisible = 0;
			defaultConfigurationName = Release;
		};
		1D971B861AD426C6005B9532 /* Build configuration list for PBXNativeTarget "Rotation" */ = {
			isa = XCConfigurationList;
			buildConfigurations = (
				1D971B871AD426C6005B9532 /* Debug */,
				1D971B881AD426C6005B9532 /* Release */,
			);
			defaultConfigurationIsVisible = 0;
		};
		1D971B891AD426C6005B9532 /* Build configuration list for PBXNativeTarget "RotationTests" */ = {
			isa = XCConfigurationList;
			buildConfigurations = (
				1D971B8A1AD426C6005B9532 /* Debug */,
				1D971B8B1AD426C6005B9532 /* Release */,
			);
			defaultConfigurationIsVisible = 0;
		};
/* End XCConfigurationList section */
	};
	rootObject = 1D971B5B1AD426C6005B9532 /* Project object */;
}
